// !$*UTF8*$!
{
	archiveVersion = 1;
	classes = {
	};
	objectVersion = 77;
	objects = {

/* Begin PBXBuildFile section */
		6D71B0B52F7E862200D93DBE /* KeyboardShortcuts in Frameworks */ = {isa = PBXBuildFile; productRef = 6D71B0B42F7E862200D93DBE /* KeyboardShortcuts */; };
/* End PBXBuildFile section */

/* Begin PBXContainerItemProxy section */
		6DA89BF22F6704530051DE1D /* PBXContainerItemProxy */ = {
			isa = PBXContainerItemProxy;
			containerPortal = 6DA89BDC2F67044D0051DE1D /* Project object */;
			proxyType = 1;
			remoteGlobalIDString = 6DA89BE32F67044D0051DE1D;
			remoteInfo = DragLocker;
		};
		6DA89BFC2F6704530051DE1D /* PBXContainerItemProxy */ = {
			isa = PBXContainerItemProxy;
			containerPortal = 6DA89BDC2F67044D0051DE1D /* Project object */;
			proxyType = 1;
			remoteGlobalIDString = 6DA89BE32F67044D0051DE1D;
			remoteInfo = DragLocker;
		};
/* End PBXContainerItemProxy section */

/* Begin PBXFileReference section */
		6DA89BE42F67044D0051DE1D /* DragLocker.app */ = {isa = PBXFileReference; explicitFileType = wrapper.application; includeInIndex = 0; path = DragLocker.app; sourceTree = BUILT_PRODUCTS_DIR; };
		6DA89BF12F6704530051DE1D /* DragLockerTests.xctest */ = {isa = PBXFileReference; explicitFileType = wrapper.cfbundle; includeInIndex = 0; path = DragLockerTests.xctest; sourceTree = BUILT_PRODUCTS_DIR; };
		6DA89BFB2F6704530051DE1D /* DragLockerUITests.xctest */ = {isa = PBXFileReference; explicitFileType = wrapper.cfbundle; includeInIndex = 0; path = DragLockerUITests.xctest; sourceTree = BUILT_PRODUCTS_DIR; };
/* End PBXFileReference section */

/* Begin PBXFileSystemSynchronizedBuildFileExceptionSet section */
		6DA89C132F671F380051DE1D /* Exceptions for "DragLocker" folder in "DragLocker" target */ = {
			isa = PBXFileSystemSynchronizedBuildFileExceptionSet;
			membershipExceptions = (
				Info.plist,
			);
			target = 6DA89BE32F67044D0051DE1D /* DragLocker */;
		};
/* End PBXFileSystemSynchronizedBuildFileExceptionSet section */

/* Begin PBXFileSystemSynchronizedRootGroup section */
		6DA89BE62F67044D0051DE1D /* DragLocker */ = {
			isa = PBXFileSystemSynchronizedRootGroup;
			exceptions = (
				6DA89C132F671F380051DE1D /* Exceptions for "DragLocker" folder in "DragLocker" target */,
			);
			path = DragLocker;
			sourceTree = "<group>";
		};
		6DA89BF42F6704530051DE1D /* DragLockerTests */ = {
			isa = PBXFileSystemSynchronizedRootGroup;
			path = DragLockerTests;
			sourceTree = "<group>";
		};
		6DA89BFE2F6704530051DE1D /* DragLockerUITests */ = {
			isa = PBXFileSystemSynchronizedRootGroup;
			path = DragLockerUITests;
			sourceTree = "<group>";
		};
/* End PBXFileSystemSynchronizedRootGroup section */

/* Begin PBXFrameworksBuildPhase section */
		6DA89BE12F67044D0051DE1D /* Frameworks */ = {
			isa = PBXFrameworksBuildPhase;
			buildActionMask = 2147483647;
			files = (
				6D71B0B52F7E862200D93DBE /* KeyboardShortcuts in Frameworks */,
			);
			runOnlyForDeploymentPostprocessing = 0;
		};
		6DA89BEE2F6704530051DE1D /* Frameworks */ = {
			isa = PBXFrameworksBuildPhase;
			buildActionMask = 2147483647;
			files = (
			);
			runOnlyForDeploymentPostprocessing = 0;
		};
		6DA89BF82F6704530051DE1D /* Frameworks */ = {
			isa = PBXFrameworksBuildPhase;
			buildActionMask = 2147483647;
			files = (
			);
			runOnlyForDeploymentPostprocessing = 0;
		};
/* End PBXFrameworksBuildPhase section */

/* Begin PBXGroup section */
		6DA89BDB2F67044D0051DE1D = {
			isa = PBXGroup;
			children = (
				6DA89BE62F67044D0051DE1D /* DragLocker */,
				6DA89BF42F6704530051DE1D /* DragLockerTests */,
				6DA89BFE2F6704530051DE1D /* DragLockerUITests */,
				6DA89BE52F67044D0051DE1D /* Products */,
			);
			sourceTree = "<group>";
		};
		6DA89BE52F67044D0051DE1D /* Products */ = {
			isa = PBXGroup;
			children = (
				6DA89BE42F67044D0051DE1D /* DragLocker.app */,
				6DA89BF12F6704530051DE1D /* DragLockerTests.xctest */,
				6DA89BFB2F6704530051DE1D /* DragLockerUITests.xctest */,
			);
			name = Products;
			sourceTree = "<group>";
		};
/* End PBXGroup section */

/* Begin PBXNativeTarget section */
		6DA89BE32F67044D0051DE1D /* DragLocker */ = {
			isa = PBXNativeTarget;
			buildConfigurationList = 6DA89C052F6704530051DE1D /* Build configuration list for PBXNativeTarget "DragLocker" */;
			buildPhases = (
				6DA89BE02F67044D0051DE1D /* Sources */,
				6DA89BE12F67044D0051DE1D /* Frameworks */,
				6DA89BE22F67044D0051DE1D /* Resources */,
			);
			buildRules = (
			);
			dependencies = (
			);
			fileSystemSynchronizedGroups = (
				6DA89BE62F67044D0051DE1D /* DragLocker */,
			);
			name = DragLocker;
			packageProductDependencies = (
				6D71B0B42F7E862200D93DBE /* KeyboardShortcuts */,
			);
			productName = DragLocker;
			productReference = 6DA89BE42F67044D0051DE1D /* DragLocker.app */;
			productType = "com.apple.product-type.application";
		};
		6DA89BF02F6704530051DE1D /* DragLockerTests */ = {
			isa = PBXNativeTarget;
			buildConfigurationList = 6DA89C082F6704530051DE1D /* Build configuration list for PBXNativeTarget "DragLockerTests" */;
			buildPhases = (
				6DA89BED2F6704530051DE1D /* Sources */,
				6DA89BEE2F6704530051DE1D /* Frameworks */,
				6DA89BEF2F6704530051DE1D /* Resources */,
			);
			buildRules = (
			);
			dependencies = (
				6DA89BF32F6704530051DE1D /* PBXTargetDependency */,
			);
			fileSystemSynchronizedGroups = (
				6DA89BF42F6704530051DE1D /* DragLockerTests */,
			);
			name = DragLockerTests;
			packageProductDependencies = (
			);
			productName = DragLockerTests;
			productReference = 6DA89BF12F6704530051DE1D /* DragLockerTests.xctest */;
			productType = "com.apple.product-type.bundle.unit-test";
		};
		6DA89BFA2F6704530051DE1D /* DragLockerUITests */ = {
			isa = PBXNativeTarget;
			buildConfigurationList = 6DA89C0B2F6704530051DE1D /* Build configuration list for PBXNativeTarget "DragLockerUITests" */;
			buildPhases = (
				6DA89BF72F6704530051DE1D /* Sources */,
				6DA89BF82F6704530051DE1D /* Frameworks */,
				6DA89BF92F6704530051DE1D /* Resources */,
			);
			buildRules = (
			);
			dependencies = (
				6DA89BFD2F6704530051DE1D /* PBXTargetDependency */,
			);
			fileSystemSynchronizedGroups = (
				6DA89BFE2F6704530051DE1D /* DragLockerUITests */,
			);
			name = DragLockerUITests;
			packageProductDependencies = (
			);
			productName = DragLockerUITests;
			productReference = 6DA89BFB2F6704530051DE1D /* DragLockerUITests.xctest */;
			productType = "com.apple.product-type.bundle.ui-testing";
		};
/* End PBXNativeTarget section */

/* Begin PBXProject section */
		6DA89BDC2F67044D0051DE1D /* Project object */ = {
			isa = PBXProject;
			attributes = {
				BuildIndependentTargetsInParallel = 1;
				LastSwiftUpdateCheck = 2630;
				LastUpgradeCheck = 2640;
				TargetAttributes = {
					6DA89BE32F67044D0051DE1D = {
						CreatedOnToolsVersion = 26.3;
					};
					6DA89BF02F6704530051DE1D = {
						CreatedOnToolsVersion = 26.3;
						TestTargetID = 6DA89BE32F67044D0051DE1D;
					};
					6DA89BFA2F6704530051DE1D = {
						CreatedOnToolsVersion = 26.3;
						TestTargetID = 6DA89BE32F67044D0051DE1D;
					};
				};
			};
			buildConfigurationList = 6DA89BDF2F67044D0051DE1D /* Build configuration list for PBXProject "DragLocker" */;
			developmentRegion = en;
			hasScannedForEncodings = 0;
			knownRegions = (
				en,
				Base,
				ja,
			);
			mainGroup = 6DA89BDB2F67044D0051DE1D;
			minimizedProjectReferenceProxies = 1;
			packageReferences = (
				6D71B0B32F7E862200D93DBE /* XCRemoteSwiftPackageReference "KeyboardShortcuts" */,
			);
			preferredProjectObjectVersion = 77;
			productRefGroup = 6DA89BE52F67044D0051DE1D /* Products */;
			projectDirPath = "";
			projectRoot = "";
			targets = (
				6DA89BE32F67044D0051DE1D /* DragLocker */,
				6DA89BF02F6704530051DE1D /* DragLockerTests */,
				6DA89BFA2F6704530051DE1D /* DragLockerUITests */,
			);
		};
/* End PBXProject section */

/* Begin PBXResourcesBuildPhase section */
		6DA89BE22F67044D0051DE1D /* Resources */ = {
			isa = PBXResourcesBuildPhase;
			buildActionMask = 2147483647;
			files = (
			);
			runOnlyForDeploymentPostprocessing = 0;
		};
		6DA89BEF2F6704530051DE1D /* Resources */ = {
			isa = PBXResourcesBuildPhase;
			buildActionMask = 2147483647;
			files = (
			);
			runOnlyForDeploymentPostprocessing = 0;
		};
		6DA89BF92F6704530051DE1D /* Resources */ = {
			isa = PBXResourcesBuildPhase;
			buildActionMask = 2147483647;
			files = (
			);
			runOnlyForDeploymentPostprocessing = 0;
		};
/* End PBXResourcesBuildPhase section */

/* Begin PBXSourcesBuildPhase section */
		6DA89BE02F67044D0051DE1D /* Sources */ = {
			isa = PBXSourcesBuildPhase;
			buildActionMask = 2147483647;
			files = (
			);
			runOnlyForDeploymentPostprocessing = 0;
		};
		6DA89BED2F6704530051DE1D /* Sources */ = {
			isa = PBXSourcesBuildPhase;
			buildActionMask = 2147483647;
			files = (
			);
			runOnlyForDeploymentPostprocessing = 0;
		};
		6DA89BF72F6704530051DE1D /* Sources */ = {
			isa = PBXSourcesBuildPhase;
			buildActionMask = 2147483647;
			files = (
			);
			runOnlyForDeploymentPostprocessing = 0;
		};
/* End PBXSourcesBuildPhase section */

/* Begin PBXTargetDependency section */
		6DA89BF32F6704530051DE1D /* PBXTargetDependency */ = {
			isa = PBXTargetDependency;
			target = 6DA89BE32F67044D0051DE1D /* DragLocker */;
			targetProxy = 6DA89BF22F6704530051DE1D /* PBXContainerItemProxy */;
		};
		6DA89BFD2F6704530051DE1D /* PBXTargetDependency */ = {
			isa = PBXTargetDependency;
			target = 6DA89BE32F67044D0051DE1D /* DragLocker */;
			targetProxy = 6DA89BFC2F6704530051DE1D /* PBXContainerItemProxy */;
		};
/* End PBXTargetDependency section */

/* Begin XCBuildConfiguration section */
		6DA89C032F6704530051DE1D /* Debug */ = {
			isa = XCBuildConfiguration;
			buildSettings = {
				ALWAYS_SEARCH_USER_PATHS = NO;
				ASSETCATALOG_COMPILER_GENERATE_SWIFT_ASSET_SYMBOL_EXTENSIONS = YES;
				CLANG_ANALYZER_LOCALIZABILITY_NONLOCALIZED = YES;
				CLANG_ANALYZER_NONNULL = YES;
				CLANG_ANALYZER_NUMBER_OBJECT_CONVERSION = YES_AGGRESSIVE;
				CLANG_CXX_LANGUAGE_STANDARD = "gnu++20";
				CLANG_ENABLE_MODULES = YES;
				CLANG_ENABLE_OBJC_ARC = YES;
				CLANG_ENABLE_OBJC_WEAK = YES;
				CLANG_WARN_BLOCK_CAPTURE_AUTORELEASING = YES;
				CLANG_WARN_BOOL_CONVERSION = YES;
				CLANG_WARN_COMMA = YES;
				CLANG_WARN_CONSTANT_CONVERSION = YES;
				CLANG_WARN_DEPRECATED_OBJC_IMPLEMENTATIONS = YES;
				CLANG_WARN_DIRECT_OBJC_ISA_USAGE = YES_ERROR;
				CLANG_WARN_DOCUMENTATION_COMMENTS = YES;
				CLANG_WARN_EMPTY_BODY = YES;
				CLANG_WARN_ENUM_CONVERSION = YES;
				CLANG_WARN_INFINITE_RECURSION = YES;
				CLANG_WARN_INT_CONVERSION = YES;
				CLANG_WARN_NON_LITERAL_NULL_CONVERSION = YES;
				CLANG_WARN_OBJC_IMPLICIT_RETAIN_SELF = YES;
				CLANG_WARN_OBJC_LITERAL_CONVERSION = YES;
				CLANG_WARN_OBJC_ROOT_CLASS = YES_ERROR;
				CLANG_WARN_QUOTED_INCLUDE_IN_FRAMEWORK_HEADER = YES;
				CLANG_WARN_RANGE_LOOP_ANALYSIS = YES;
				CLANG_WARN_STRICT_PROTOTYPES = YES;
				CLANG_WARN_SUSPICIOUS_MOVE = YES;
				CLANG_WARN_UNGUARDED_AVAILABILITY = YES_AGGRESSIVE;
				CLANG_WARN_UNREACHABLE_CODE = YES;
				CLANG_WARN__DUPLICATE_METHOD_MATCH = YES;
				COPY_PHASE_STRIP = NO;
				DEAD_CODE_STRIPPING = YES;
				DEBUG_INFORMATION_FORMAT = dwarf;
				DEVELOPMENT_TEAM = 5U7H2X2X96;
				ENABLE_STRICT_OBJC_MSGSEND = YES;
				ENABLE_TESTABILITY = YES;
				ENABLE_USER_SCRIPT_SANDBOXING = YES;
				GCC_C_LANGUAGE_STANDARD = gnu17;
				GCC_DYNAMIC_NO_PIC = NO;
				GCC_NO_COMMON_BLOCKS = YES;
				GCC_OPTIMIZATION_LEVEL = 0;
				GCC_PREPROCESSOR_DEFINITIONS = (
					"DEBUG=1",
					"$(inherited)",
				);
				GCC_WARN_64_TO_32_BIT_CONVERSION = YES;
				GCC_WARN_ABOUT_RETURN_TYPE = YES_ERROR;
				GCC_WARN_UNDECLARED_SELECTOR = YES;
				GCC_WARN_UNINITIALIZED_AUTOS = YES_AGGRESSIVE;
				GCC_WARN_UNUSED_FUNCTION = YES;
				GCC_WARN_UNUSED_VARIABLE = YES;
				LOCALIZATION_PREFERS_STRING_CATALOGS = YES;
				MACOSX_DEPLOYMENT_TARGET = 15.7;
				MTL_ENABLE_DEBUG_INFO = INCLUDE_SOURCE;
				MTL_FAST_MATH = YES;
				ONLY_ACTIVE_ARCH = YES;
				SDKROOT = macosx;
				STRING_CATALOG_GENERATE_SYMBOLS = YES;
				SWIFT_ACTIVE_COMPILATION_CONDITIONS = "DEBUG $(inherited)";
				SWIFT_EMIT_LOC_STRINGS = YES;
				SWIFT_OPTIMIZATION_LEVEL = "-Onone";
			};
			name = Debug;
		};
		6DA89C042F6704530051DE1D /* Release */ = {
			isa = XCBuildConfiguration;
			buildSettings = {
				ALWAYS_SEARCH_USER_PATHS = NO;
				ASSETCATALOG_COMPILER_GENERATE_SWIFT_ASSET_SYMBOL_EXTENSIONS = YES;
				CLANG_ANALYZER_LOCALIZABILITY_NONLOCALIZED = YES;
				CLANG_ANALYZER_NONNULL = YES;
				CLANG_ANALYZER_NUMBER_OBJECT_CONVERSION = YES_AGGRESSIVE;
				CLANG_CXX_LANGUAGE_STANDARD = "gnu++20";
				CLANG_ENABLE_MODULES = YES;
				CLANG_ENABLE_OBJC_ARC = YES;
				CLANG_ENABLE_OBJC_WEAK = YES;
				CLANG_WARN_BLOCK_CAPTURE_AUTORELEASING = YES;
				CLANG_WARN_BOOL_CONVERSION = YES;
				CLANG_WARN_COMMA = YES;
				CLANG_WARN_CONSTANT_CONVERSION = YES;
				CLANG_WARN_DEPRECATED_OBJC_IMPLEMENTATIONS = YES;
				CLANG_WARN_DIRECT_OBJC_ISA_USAGE = YES_ERROR;
				CLANG_WARN_DOCUMENTATION_COMMENTS = YES;
				CLANG_WARN_EMPTY_BODY = YES;
				CLANG_WARN_ENUM_CONVERSION = YES;
				CLANG_WARN_INFINITE_RECURSION = YES;
				CLANG_WARN_INT_CONVERSION = YES;
				CLANG_WARN_NON_LITERAL_NULL_CONVERSION = YES;
				CLANG_WARN_OBJC_IMPLICIT_RETAIN_SELF = YES;
				CLANG_WARN_OBJC_LITERAL_CONVERSION = YES;
				CLANG_WARN_OBJC_ROOT_CLASS = YES_ERROR;
				CLANG_WARN_QUOTED_INCLUDE_IN_FRAMEWORK_HEADER = YES;
				CLANG_WARN_RANGE_LOOP_ANALYSIS = YES;
				CLANG_WARN_STRICT_PROTOTYPES = YES;
				CLANG_WARN_SUSPICIOUS_MOVE = YES;
				CLANG_WARN_UNGUARDED_AVAILABILITY = YES_AGGRESSIVE;
				CLANG_WARN_UNREACHABLE_CODE = YES;
				CLANG_WARN__DUPLICATE_METHOD_MATCH = YES;
				COPY_PHASE_STRIP = NO;
				DEAD_CODE_STRIPPING = YES;
				DEBUG_INFORMATION_FORMAT = "dwarf-with-dsym";
				DEVELOPMENT_TEAM = 5U7H2X2X96;
				ENABLE_NS_ASSERTIONS = NO;
				ENABLE_STRICT_OBJC_MSGSEND = YES;
				ENABLE_USER_SCRIPT_SANDBOXING = YES;
				GCC_C_LANGUAGE_STANDARD = gnu17;
				GCC_NO_COMMON_BLOCKS = YES;
				GCC_WARN_64_TO_32_BIT_CONVERSION = YES;
				GCC_WARN_ABOUT_RETURN_TYPE = YES_ERROR;
				GCC_WARN_UNDECLARED_SELECTOR = YES;
				GCC_WARN_UNINITIALIZED_AUTOS = YES_AGGRESSIVE;
				GCC_WARN_UNUSED_FUNCTION = YES;
				GCC_WARN_UNUSED_VARIABLE = YES;
				LOCALIZATION_PREFERS_STRING_CATALOGS = YES;
				MACOSX_DEPLOYMENT_TARGET = 15.7;
				MTL_ENABLE_DEBUG_INFO = NO;
				MTL_FAST_MATH = YES;
				SDKROOT = macosx;
				STRING_CATALOG_GENERATE_SYMBOLS = YES;
				SWIFT_COMPILATION_MODE = wholemodule;
				SWIFT_EMIT_LOC_STRINGS = YES;
			};
			name = Release;
		};
		6DA89C062F6704530051DE1D /* Debug */ = {
			isa = XCBuildConfiguration;
			buildSettings = {
				ASSETCATALOG_COMPILER_APPICON_NAME = AppIcon;
				ASSETCATALOG_COMPILER_GLOBAL_ACCENT_COLOR_NAME = AccentColor;
				CODE_SIGN_STYLE = Automatic;
				COMBINE_HIDPI_IMAGES = YES;
				CURRENT_PROJECT_VERSION = 286;
				DEAD_CODE_STRIPPING = YES;
				DEVELOPMENT_TEAM = 5U7H2X2X96;
				ENABLE_APP_SANDBOX = YES;
				ENABLE_HARDENED_RUNTIME = YES;
				ENABLE_PREVIEWS = YES;
				ENABLE_USER_SELECTED_FILES = readonly;
				GENERATE_INFOPLIST_FILE = YES;
				INFOPLIST_FILE = DragLocker/Info.plist;
				INFOPLIST_KEY_CFBundleDisplayName = DragLocker;
				INFOPLIST_KEY_LSApplicationCategoryType = "public.app-category.utilities";
				INFOPLIST_KEY_LSUIElement = YES;
				INFOPLIST_KEY_NSHumanReadableCopyright = "Copyright ©︎ 2026 Taiga Imaura";
				LD_RUNPATH_SEARCH_PATHS = (
					"$(inherited)",
					"@executable_path/../Frameworks",
				);
				MACOSX_DEPLOYMENT_TARGET = 14.0;
				MARKETING_VERSION = 1.0.0;
				PRODUCT_BUNDLE_IDENTIFIER = design.taikun.DragLocker;
				PRODUCT_NAME = "$(TARGET_NAME)";
				REGISTER_APP_GROUPS = YES;
				STRING_CATALOG_GENERATE_SYMBOLS = YES;
				SWIFT_APPROACHABLE_CONCURRENCY = YES;
				SWIFT_DEFAULT_ACTOR_ISOLATION = MainActor;
				SWIFT_EMIT_LOC_STRINGS = YES;
				SWIFT_UPCOMING_FEATURE_MEMBER_IMPORT_VISIBILITY = YES;
				SWIFT_VERSION = 5.0;
				VERSIONING_SYSTEM = "apple-generic";
			};
			name = Debug;
		};
		6DA89C072F6704530051DE1D /* Release */ = {
			isa = XCBuildConfiguration;
			buildSettings = {
				ASSETCATALOG_COMPILER_APPICON_NAME = AppIcon;
				ASSETCATALOG_COMPILER_GLOBAL_ACCENT_COLOR_NAME = AccentColor;
				CODE_SIGN_STYLE = Automatic;
				COMBINE_HIDPI_IMAGES = YES;
				CURRENT_PROJECT_VERSION = 286;
				DEAD_CODE_STRIPPING = YES;
				DEVELOPMENT_TEAM = 5U7H2X2X96;
				ENABLE_APP_SANDBOX = YES;
				ENABLE_HARDENED_RUNTIME = YES;
				ENABLE_PREVIEWS = YES;
				ENABLE_USER_SELECTED_FILES = readonly;
				GENERATE_INFOPLIST_FILE = YES;
				INFOPLIST_FILE = DragLocker/Info.plist;
				INFOPLIST_KEY_CFBundleDisplayName = DragLocker;
				INFOPLIST_KEY_LSApplicationCategoryType = "public.app-category.utilities";
				INFOPLIST_KEY_LSUIElement = YES;
				INFOPLIST_KEY_NSHumanReadableCopyright = "Copyright ©︎ 2026 Taiga Imaura";
				LD_RUNPATH_SEARCH_PATHS = (
					"$(inherited)",
					"@executable_path/../Frameworks",
				);
				MACOSX_DEPLOYMENT_TARGET = 14.0;
				MARKETING_VERSION = 1.0.0;
				PRODUCT_BUNDLE_IDENTIFIER = design.taikun.DragLocker;
				PRODUCT_NAME = "$(TARGET_NAME)";
				REGISTER_APP_GROUPS = YES;
				STRING_CATALOG_GENERATE_SYMBOLS = YES;
				SWIFT_APPROACHABLE_CONCURRENCY = YES;
				SWIFT_DEFAULT_ACTOR_ISOLATION = MainActor;
				SWIFT_EMIT_LOC_STRINGS = YES;
				SWIFT_UPCOMING_FEATURE_MEMBER_IMPORT_VISIBILITY = YES;
				SWIFT_VERSION = 5.0;
				VERSIONING_SYSTEM = "apple-generic";
			};
			name = Release;
		};
		6DA89C092F6704530051DE1D /* Debug */ = {
			isa = XCBuildConfiguration;
			buildSettings = {
				BUNDLE_LOADER = "$(TEST_HOST)";
				CODE_SIGN_STYLE = Automatic;
				CURRENT_PROJECT_VERSION = 286;
				DEAD_CODE_STRIPPING = YES;
				DEVELOPMENT_TEAM = 5U7H2X2X96;
				GENERATE_INFOPLIST_FILE = YES;
				MACOSX_DEPLOYMENT_TARGET = 15.7;
				MARKETING_VERSION = 1.0;
				PRODUCT_BUNDLE_IDENTIFIER = design.taikun.DragLockerTests;
				PRODUCT_NAME = "$(TARGET_NAME)";
				STRING_CATALOG_GENERATE_SYMBOLS = NO;
				SWIFT_APPROACHABLE_CONCURRENCY = YES;
				SWIFT_EMIT_LOC_STRINGS = NO;
				SWIFT_UPCOMING_FEATURE_MEMBER_IMPORT_VISIBILITY = YES;
				SWIFT_VERSION = 5.0;
				TEST_HOST = "$(BUILT_PRODUCTS_DIR)/DragLocker.app/$(BUNDLE_EXECUTABLE_FOLDER_PATH)/DragLocker";
			};
			name = Debug;
		};
		6DA89C0A2F6704530051DE1D /* Release */ = {
			isa = XCBuildConfiguration;
			buildSettings = {
				BUNDLE_LOADER = "$(TEST_HOST)";
				CODE_SIGN_STYLE = Automatic;
				CURRENT_PROJECT_VERSION = 286;
				DEAD_CODE_STRIPPING = YES;
				DEVELOPMENT_TEAM = 5U7H2X2X96;
				GENERATE_INFOPLIST_FILE = YES;
				MACOSX_DEPLOYMENT_TARGET = 15.7;
				MARKETING_VERSION = 1.0;
				PRODUCT_BUNDLE_IDENTIFIER = design.taikun.DragLockerTests;
				PRODUCT_NAME = "$(TARGET_NAME)";
				STRING_CATALOG_GENERATE_SYMBOLS = NO;
				SWIFT_APPROACHABLE_CONCURRENCY = YES;
				SWIFT_EMIT_LOC_STRINGS = NO;
				SWIFT_UPCOMING_FEATURE_MEMBER_IMPORT_VISIBILITY = YES;
				SWIFT_VERSION = 5.0;
				TEST_HOST = "$(BUILT_PRODUCTS_DIR)/DragLocker.app/$(BUNDLE_EXECUTABLE_FOLDER_PATH)/DragLocker";
			};
			name = Release;
		};
		6DA89C0C2F6704530051DE1D /* Debug */ = {
			isa = XCBuildConfiguration;
			buildSettings = {
				CODE_SIGN_STYLE = Automatic;
				CURRENT_PROJECT_VERSION = 286;
				DEAD_CODE_STRIPPING = YES;
				DEVELOPMENT_TEAM = 5U7H2X2X96;
				GENERATE_INFOPLIST_FILE = YES;
				MARKETING_VERSION = 1.0;
				PRODUCT_BUNDLE_IDENTIFIER = design.taikun.DragLockerUITests;
				PRODUCT_NAME = "$(TARGET_NAME)";
				STRING_CATALOG_GENERATE_SYMBOLS = NO;
				SWIFT_APPROACHABLE_CONCURRENCY = YES;
				SWIFT_EMIT_LOC_STRINGS = NO;
				SWIFT_UPCOMING_FEATURE_MEMBER_IMPORT_VISIBILITY = YES;
				SWIFT_VERSION = 5.0;
				TEST_TARGET_NAME = DragLocker;
			};
			name = Debug;
		};
		6DA89C0D2F6704530051DE1D /* Release */ = {
			isa = XCBuildConfiguration;
			buildSettings = {
				CODE_SIGN_STYLE = Automatic;
				CURRENT_PROJECT_VERSION = 286;
				DEAD_CODE_STRIPPING = YES;
				DEVELOPMENT_TEAM = 5U7H2X2X96;
				GENERATE_INFOPLIST_FILE = YES;
				MARKETING_VERSION = 1.0;
				PRODUCT_BUNDLE_IDENTIFIER = design.taikun.DragLockerUITests;
				PRODUCT_NAME = "$(TARGET_NAME)";
				STRING_CATALOG_GENERATE_SYMBOLS = NO;
				SWIFT_APPROACHABLE_CONCURRENCY = YES;
				SWIFT_EMIT_LOC_STRINGS = NO;
				SWIFT_UPCOMING_FEATURE_MEMBER_IMPORT_VISIBILITY = YES;
				SWIFT_VERSION = 5.0;
				TEST_TARGET_NAME = DragLocker;
			};
			name = Release;
		};
/* End XCBuildConfiguration section */

/* Begin XCConfigurationList section */
		6DA89BDF2F67044D0051DE1D /* Build configuration list for PBXProject "DragLocker" */ = {
			isa = XCConfigurationList;
			buildConfigurations = (
				6DA89C032F6704530051DE1D /* Debug */,
				6DA89C042F6704530051DE1D /* Release */,
			);
			defaultConfigurationIsVisible = 0;
			defaultConfigurationName = Release;
		};
		6DA89C052F6704530051DE1D /* Build configuration list for PBXNativeTarget "DragLocker" */ = {
			isa = XCConfigurationList;
			buildConfigurations = (
				6DA89C062F6704530051DE1D /* Debug */,
				6DA89C072F6704530051DE1D /* Release */,
			);
			defaultConfigurationIsVisible = 0;
			defaultConfigurationName = Release;
		};
		6DA89C082F6704530051DE1D /* Build configuration list for PBXNativeTarget "DragLockerTests" */ = {
			isa = XCConfigurationList;
			buildConfigurations = (
				6DA89C092F6704530051DE1D /* Debug */,
				6DA89C0A2F6704530051DE1D /* Release */,
			);
			defaultConfigurationIsVisible = 0;
			defaultConfigurationName = Release;
		};
		6DA89C0B2F6704530051DE1D /* Build configuration list for PBXNativeTarget "DragLockerUITests" */ = {
			isa = XCConfigurationList;
			buildConfigurations = (
				6DA89C0C2F6704530051DE1D /* Debug */,
				6DA89C0D2F6704530051DE1D /* Release */,
			);
			defaultConfigurationIsVisible = 0;
			defaultConfigurationName = Release;
		};
/* End XCConfigurationList section */

/* Begin XCRemoteSwiftPackageReference section */
		6D71B0B32F7E862200D93DBE /* XCRemoteSwiftPackageReference "KeyboardShortcuts" */ = {
			isa = XCRemoteSwiftPackageReference;
			repositoryURL = "https://github.com/sindresorhus/KeyboardShortcuts";
			requirement = {
				kind = exactVersion;
				version = 2.4.0;
			};
		};
/* End XCRemoteSwiftPackageReference section */

/* Begin XCSwiftPackageProductDependency section */
		6D71B0B42F7E862200D93DBE /* KeyboardShortcuts */ = {
			isa = XCSwiftPackageProductDependency;
			package = 6D71B0B32F7E862200D93DBE /* XCRemoteSwiftPackageReference "KeyboardShortcuts" */;
			productName = KeyboardShortcuts;
		};
/* End XCSwiftPackageProductDependency section */
	};
	rootObject = 6DA89BDC2F67044D0051DE1D /* Project object */;
}
